
Microsoft Visual Studio Solution File, Format Version 12.00
# Visual Studio Version 17
VisualStudioVersion = 17.6.33723.286
MinimumVisualStudioVersion = 10.0.40219.1
Project("{FAE04EC0-301F-11D3-BF4B-00C04F79EFBC}") = "Question 6", "Question 6\Question 6.csproj", "{ECBB16A4-AF49-4CF6-B43A-29106F440E60}"
EndProject
Global
	GlobalSection(SolutionConfigurationPlatforms) = preSolution
		Debug|Any CPU = Debug|Any CPU
		Release|Any CPU = Release|Any CPU
	EndGlobalSection
	GlobalSection(ProjectConfigurationPlatforms) = postSolution
		{ECBB16A4-AF49-4CF6-B43A-29106F440E60}.Debug|Any CPU.ActiveCfg = Debug|Any CPU
		{ECBB16A4-AF49-4CF6-B43A-29106F440E60}.Debug|Any CPU.Build.0 = Debug|Any CPU
		{ECBB16A4-AF49-4CF6-B43A-29106F440E60}.Release|Any CPU.ActiveCfg = Release|Any CPU
		{ECBB16A4-AF49-4CF6-B43A-29106F440E60}.Release|Any CPU.Build.0 = Release|Any CPU
	EndGlobalSection
	GlobalSection(SolutionProperties) = preSolution
		HideSolutionNode = FALSE
	EndGlobalSection
	GlobalSection(ExtensibilityGlobals) = postSolution
		SolutionGuid = {E687240A-40E3-4495-87CC-E9F1523F7905}
	EndGlobalSection
EndGlobal
